
Microsoft Visual Studio Solution File, Format Version 12.00
# Visual Studio Version 16
VisualStudioVersion = 16.0.32228.343
MinimumVisualStudioVersion = 10.0.40219.1
Project("{FAE04EC0-301F-11D3-BF4B-00C04F79EFBC}") = "LeaveManagement", "LeaveManagement.csproj", "{B6E18047-EAB5-473E-A505-C62874340374}"
EndProject
Global
	GlobalSection(SolutionConfigurationPlatforms) = preSolution
		Debug|Any CPU = Debug|Any CPU
		Release|Any CPU = Release|Any CPU
	EndGlobalSection
	GlobalSection(ProjectConfigurationPlatforms) = postSolution
		{B6E18047-EAB5-473E-A505-C62874340374}.Debug|Any CPU.ActiveCfg = Debug|Any CPU
		{B6E18047-EAB5-473E-A505-C62874340374}.Debug|Any CPU.Build.0 = Debug|Any CPU
		{B6E18047-EAB5-473E-A505-C62874340374}.Release|Any CPU.ActiveCfg = Release|Any CPU
		{B6E18047-EAB5-473E-A505-C62874340374}.Release|Any CPU.Build.0 = Release|Any CPU
	EndGlobalSection
	GlobalSection(SolutionProperties) = preSolution
		HideSolutionNode = FALSE
	EndGlobalSection
	GlobalSection(ExtensibilityGlobals) = postSolution
		SolutionGuid = {89BF4B9F-45E1-46DB-AD9D-D3A119680E8B}
	EndGlobalSection
EndGlobal
